# THIS IS AN AUTOGENERATED FILE. DO NOT EDIT THIS FILE DIRECTLY.
# yarn lockfile v1


wildcard-match@^1.1.0:
  version "1.1.0"
  resolved "https://registry.yarnpkg.com/wildcard-match/-/wildcard-match-1.1.0.tgz#166a247a83581921867841c9dba03b75b98e9a3e"
  integrity sha512-iYLDT7W2XmPqp45HylJzwSqD8qUSL6gIVz+/k0v0B+WPGt28rj/BLIUy3YoS3Fvfs4d6Yhl0o+kDWpd+0tDJAA==
